
Microsoft Visual Studio Solution File, Format Version 12.00
# Visual Studio 15
VisualStudioVersion = 15.0.26124.0
MinimumVisualStudioVersion = 15.0.26124.0
Project("{F2A71F9B-5D33-465A-A702-920D77279786}") = "MyFirstSharpApp", "MyFirstSharpApp\MyFirstSharpApp.fsproj", "{8097325A-4DBE-44A0-ACFE-ABB271A41F32}"
EndProject
Project("{F2A71F9B-5D33-465A-A702-920D77279786}") = "Capstone1", "Capstone1\Capstone1.fsproj", "{805A1460-77C9-46AD-BAEF-0D121247D8D6}"
EndProject
Project("{F2A71F9B-5D33-465A-A702-920D77279786}") = "Lesson12", "Lesson12\Lesson12.fsproj", "{417D6E79-C3C7-46A6-BECA-F6AB0AB075D7}"
EndProject
Project("{F2A71F9B-5D33-465A-A702-920D77279786}") = "Capstone2", "Capstone2\Capstone2.fsproj", "{2EC017C4-056A-445D-81B5-28A6F42AC35A}"
EndProject
Global
	GlobalSection(SolutionConfigurationPlatforms) = preSolution
		Debug|Any CPU = Debug|Any CPU
		Debug|x64 = Debug|x64
		Debug|x86 = Debug|x86
		Release|Any CPU = Release|Any CPU
		Release|x64 = Release|x64
		Release|x86 = Release|x86
	EndGlobalSection
	GlobalSection(SolutionProperties) = preSolution
		HideSolutionNode = FALSE
	EndGlobalSection
	GlobalSection(ProjectConfigurationPlatforms) = postSolution
		{8097325A-4DBE-44A0-ACFE-ABB271A41F32}.Debug|Any CPU.ActiveCfg = Debug|Any CPU
		{8097325A-4DBE-44A0-ACFE-ABB271A41F32}.Debug|Any CPU.Build.0 = Debug|Any CPU
		{8097325A-4DBE-44A0-ACFE-ABB271A41F32}.Debug|x64.ActiveCfg = Debug|x64
		{8097325A-4DBE-44A0-ACFE-ABB271A41F32}.Debug|x64.Build.0 = Debug|x64
		{8097325A-4DBE-44A0-ACFE-ABB271A41F32}.Debug|x86.ActiveCfg = Debug|x86
		{8097325A-4DBE-44A0-ACFE-ABB271A41F32}.Debug|x86.Build.0 = Debug|x86
		{8097325A-4DBE-44A0-ACFE-ABB271A41F32}.Release|Any CPU.ActiveCfg = Release|Any CPU
		{8097325A-4DBE-44A0-ACFE-ABB271A41F32}.Release|Any CPU.Build.0 = Release|Any CPU
		{8097325A-4DBE-44A0-ACFE-ABB271A41F32}.Release|x64.ActiveCfg = Release|x64
		{8097325A-4DBE-44A0-ACFE-ABB271A41F32}.Release|x64.Build.0 = Release|x64
		{8097325A-4DBE-44A0-ACFE-ABB271A41F32}.Release|x86.ActiveCfg = Release|x86
		{8097325A-4DBE-44A0-ACFE-ABB271A41F32}.Release|x86.Build.0 = Release|x86
		{805A1460-77C9-46AD-BAEF-0D121247D8D6}.Debug|Any CPU.ActiveCfg = Debug|Any CPU
		{805A1460-77C9-46AD-BAEF-0D121247D8D6}.Debug|Any CPU.Build.0 = Debug|Any CPU
		{805A1460-77C9-46AD-BAEF-0D121247D8D6}.Debug|x64.ActiveCfg = Debug|x64
		{805A1460-77C9-46AD-BAEF-0D121247D8D6}.Debug|x64.Build.0 = Debug|x64
		{805A1460-77C9-46AD-BAEF-0D121247D8D6}.Debug|x86.ActiveCfg = Debug|x86
		{805A1460-77C9-46AD-BAEF-0D121247D8D6}.Debug|x86.Build.0 = Debug|x86
		{805A1460-77C9-46AD-BAEF-0D121247D8D6}.Release|Any CPU.ActiveCfg = Release|Any CPU
		{805A1460-77C9-46AD-BAEF-0D121247D8D6}.Release|Any CPU.Build.0 = Release|Any CPU
		{805A1460-77C9-46AD-BAEF-0D121247D8D6}.Release|x64.ActiveCfg = Release|x64
		{805A1460-77C9-46AD-BAEF-0D121247D8D6}.Release|x64.Build.0 = Release|x64
		{805A1460-77C9-46AD-BAEF-0D121247D8D6}.Release|x86.ActiveCfg = Release|x86
		{805A1460-77C9-46AD-BAEF-0D121247D8D6}.Release|x86.Build.0 = Release|x86
		{417D6E79-C3C7-46A6-BECA-F6AB0AB075D7}.Debug|Any CPU.ActiveCfg = Debug|Any CPU
		{417D6E79-C3C7-46A6-BECA-F6AB0AB075D7}.Debug|Any CPU.Build.0 = Debug|Any CPU
		{417D6E79-C3C7-46A6-BECA-F6AB0AB075D7}.Debug|x64.ActiveCfg = Debug|x64
		{417D6E79-C3C7-46A6-BECA-F6AB0AB075D7}.Debug|x64.Build.0 = Debug|x64
		{417D6E79-C3C7-46A6-BECA-F6AB0AB075D7}.Debug|x86.ActiveCfg = Debug|x86
		{417D6E79-C3C7-46A6-BECA-F6AB0AB075D7}.Debug|x86.Build.0 = Debug|x86
		{417D6E79-C3C7-46A6-BECA-F6AB0AB075D7}.Release|Any CPU.ActiveCfg = Release|Any CPU
		{417D6E79-C3C7-46A6-BECA-F6AB0AB075D7}.Release|Any CPU.Build.0 = Release|Any CPU
		{417D6E79-C3C7-46A6-BECA-F6AB0AB075D7}.Release|x64.ActiveCfg = Release|x64
		{417D6E79-C3C7-46A6-BECA-F6AB0AB075D7}.Release|x64.Build.0 = Release|x64
		{417D6E79-C3C7-46A6-BECA-F6AB0AB075D7}.Release|x86.ActiveCfg = Release|x86
		{417D6E79-C3C7-46A6-BECA-F6AB0AB075D7}.Release|x86.Build.0 = Release|x86
		{2EC017C4-056A-445D-81B5-28A6F42AC35A}.Debug|Any CPU.ActiveCfg = Debug|Any CPU
		{2EC017C4-056A-445D-81B5-28A6F42AC35A}.Debug|Any CPU.Build.0 = Debug|Any CPU
		{2EC017C4-056A-445D-81B5-28A6F42AC35A}.Debug|x64.ActiveCfg = Debug|x64
		{2EC017C4-056A-445D-81B5-28A6F42AC35A}.Debug|x64.Build.0 = Debug|x64
		{2EC017C4-056A-445D-81B5-28A6F42AC35A}.Debug|x86.ActiveCfg = Debug|x86
		{2EC017C4-056A-445D-81B5-28A6F42AC35A}.Debug|x86.Build.0 = Debug|x86
		{2EC017C4-056A-445D-81B5-28A6F42AC35A}.Release|Any CPU.ActiveCfg = Release|Any CPU
		{2EC017C4-056A-445D-81B5-28A6F42AC35A}.Release|Any CPU.Build.0 = Release|Any CPU
		{2EC017C4-056A-445D-81B5-28A6F42AC35A}.Release|x64.ActiveCfg = Release|x64
		{2EC017C4-056A-445D-81B5-28A6F42AC35A}.Release|x64.Build.0 = Release|x64
		{2EC017C4-056A-445D-81B5-28A6F42AC35A}.Release|x86.ActiveCfg = Release|x86
		{2EC017C4-056A-445D-81B5-28A6F42AC35A}.Release|x86.Build.0 = Release|x86
	EndGlobalSection
EndGlobal
